
Microsoft Visual Studio Solution File, Format Version 12.00
# Visual Studio Version 17
VisualStudioVersion = 17.0.32112.339
MinimumVisualStudioVersion = 10.0.40219.1
Project("{9A19103F-16F7-4668-BE54-9A1E7A4F7556}") = "BlazorBattles.Server", "BlazorBattles\Server\BlazorBattles.Server.csproj", "{48D870AE-7CFF-4824-AA58-DA5F26E4F1CF}"
EndProject
Project("{9A19103F-16F7-4668-BE54-9A1E7A4F7556}") = "BlazorBattles.Client", "BlazorBattles\Client\BlazorBattles.Client.csproj", "{598B96C6-18C2-48B3-8EFD-ADB31F95D490}"
EndProject
Project("{9A19103F-16F7-4668-BE54-9A1E7A4F7556}") = "BlazorBattles.Shared", "BlazorBattles\Shared\BlazorBattles.Shared.csproj", "{2A0AD583-4BBA-4534-99C4-178112AC81CA}"
EndProject
Global
	GlobalSection(SolutionConfigurationPlatforms) = preSolution
		Debug|Any CPU = Debug|Any CPU
		Release|Any CPU = Release|Any CPU
	EndGlobalSection
	GlobalSection(ProjectConfigurationPlatforms) = postSolution
		{48D870AE-7CFF-4824-AA58-DA5F26E4F1CF}.Debug|Any CPU.ActiveCfg = Debug|Any CPU
		{48D870AE-7CFF-4824-AA58-DA5F26E4F1CF}.Debug|Any CPU.Build.0 = Debug|Any CPU
		{48D870AE-7CFF-4824-AA58-DA5F26E4F1CF}.Release|Any CPU.ActiveCfg = Release|Any CPU
		{48D870AE-7CFF-4824-AA58-DA5F26E4F1CF}.Release|Any CPU.Build.0 = Release|Any CPU
		{598B96C6-18C2-48B3-8EFD-ADB31F95D490}.Debug|Any CPU.ActiveCfg = Debug|Any CPU
		{598B96C6-18C2-48B3-8EFD-ADB31F95D490}.Debug|Any CPU.Build.0 = Debug|Any CPU
		{598B96C6-18C2-48B3-8EFD-ADB31F95D490}.Release|Any CPU.ActiveCfg = Release|Any CPU
		{598B96C6-18C2-48B3-8EFD-ADB31F95D490}.Release|Any CPU.Build.0 = Release|Any CPU
		{2A0AD583-4BBA-4534-99C4-178112AC81CA}.Debug|Any CPU.ActiveCfg = Debug|Any CPU
		{2A0AD583-4BBA-4534-99C4-178112AC81CA}.Debug|Any CPU.Build.0 = Debug|Any CPU
		{2A0AD583-4BBA-4534-99C4-178112AC81CA}.Release|Any CPU.ActiveCfg = Release|Any CPU
		{2A0AD583-4BBA-4534-99C4-178112AC81CA}.Release|Any CPU.Build.0 = Release|Any CPU
	EndGlobalSection
	GlobalSection(SolutionProperties) = preSolution
		HideSolutionNode = FALSE
	EndGlobalSection
	GlobalSection(ExtensibilityGlobals) = postSolution
		SolutionGuid = {3C44E65B-BDD3-4B7F-B945-2D4AB3BA9C78}
	EndGlobalSection
EndGlobal
